
Microsoft Visual Studio Solution File, Format Version 12.00
# Visual Studio Version 17
VisualStudioVersion = 17.9.34728.123
MinimumVisualStudioVersion = 10.0.40219.1
Project("{8BC9CEB8-8B4A-11D0-8D11-00A0C91BC942}") = "OS03_02_1", "OS03_02_1\OS03_02_1.vcxproj", "{889324FF-E371-4017-ABB7-F88CC985146D}"
EndProject
Global
	GlobalSection(SolutionConfigurationPlatforms) = preSolution
		Debug|x64 = Debug|x64
		Debug|x86 = Debug|x86
		Release|x64 = Release|x64
		Release|x86 = Release|x86
	EndGlobalSection
	GlobalSection(ProjectConfigurationPlatforms) = postSolution
		{889324FF-E371-4017-ABB7-F88CC985146D}.Debug|x64.ActiveCfg = Debug|x64
		{889324FF-E371-4017-ABB7-F88CC985146D}.Debug|x64.Build.0 = Debug|x64
		{889324FF-E371-4017-ABB7-F88CC985146D}.Debug|x86.ActiveCfg = Debug|Win32
		{889324FF-E371-4017-ABB7-F88CC985146D}.Debug|x86.Build.0 = Debug|Win32
		{889324FF-E371-4017-ABB7-F88CC985146D}.Release|x64.ActiveCfg = Release|x64
		{889324FF-E371-4017-ABB7-F88CC985146D}.Release|x64.Build.0 = Release|x64
		{889324FF-E371-4017-ABB7-F88CC985146D}.Release|x86.ActiveCfg = Release|Win32
		{889324FF-E371-4017-ABB7-F88CC985146D}.Release|x86.Build.0 = Release|Win32
	EndGlobalSection
	GlobalSection(SolutionProperties) = preSolution
		HideSolutionNode = FALSE
	EndGlobalSection
	GlobalSection(ExtensibilityGlobals) = postSolution
		SolutionGuid = {D7E8A05E-17A1-4473-89AD-2255B64D83B2}
	EndGlobalSection
EndGlobal
