
Microsoft Visual Studio Solution File, Format Version 12.00
# Visual Studio Version 17
VisualStudioVersion = 17.9.34728.123
MinimumVisualStudioVersion = 10.0.40219.1
Project("{8BC9CEB8-8B4A-11D0-8D11-00A0C91BC942}") = "Lab06", "Lab06\Lab06.vcxproj", "{286AD89D-B0EE-4A63-8EA8-86C43CD405EB}"
EndProject
Project("{8BC9CEB8-8B4A-11D0-8D11-00A0C91BC942}") = "OS06_02", "OS06_02\OS06_02.vcxproj", "{650FF074-CA63-47F8-979E-DAE61E8D145B}"
EndProject
Project("{8BC9CEB8-8B4A-11D0-8D11-00A0C91BC942}") = "OS06_03A", "OS06_03A\OS06_03A.vcxproj", "{9100F2F1-1EE4-4670-B2C9-C2E4109C0458}"
EndProject
Project("{8BC9CEB8-8B4A-11D0-8D11-00A0C91BC942}") = "OS06_03B", "OS06_03B\OS06_03B.vcxproj", "{590C2DD6-8A66-4D15-8D24-AC2128B334DC}"
EndProject
Project("{8BC9CEB8-8B4A-11D0-8D11-00A0C91BC942}") = "OS06_03", "OS06_03\OS06_03.vcxproj", "{409FB2FF-37C3-41F8-9C0C-92B638FABFD5}"
EndProject
Project("{8BC9CEB8-8B4A-11D0-8D11-00A0C91BC942}") = "OS06_04A", "OS06_04A\OS06_04A.vcxproj", "{8D4F4F14-2925-4E4E-8CAD-8C6A751391FD}"
EndProject
Project("{8BC9CEB8-8B4A-11D0-8D11-00A0C91BC942}") = "OS06_04B", "OS06_04B\OS06_04B.vcxproj", "{EB16567F-BE1F-42CD-A79B-4948BCAEF564}"
EndProject
Project("{8BC9CEB8-8B4A-11D0-8D11-00A0C91BC942}") = "OS06_04", "OS06_04\OS06_04.vcxproj", "{8A021043-30CE-4A51-8405-C72EB6605599}"
EndProject
Project("{8BC9CEB8-8B4A-11D0-8D11-00A0C91BC942}") = "OS06_05A", "OS06_05A\OS06_05A.vcxproj", "{C338AD89-DC55-44C8-9359-914D1029456E}"
EndProject
Project("{8BC9CEB8-8B4A-11D0-8D11-00A0C91BC942}") = "OS06_05B", "OS06_05B\OS06_05B.vcxproj", "{593EF5D6-7947-4B39-8F4A-31945B360ABA}"
EndProject
Project("{8BC9CEB8-8B4A-11D0-8D11-00A0C91BC942}") = "OS06_05", "OS06_05\OS06_05.vcxproj", "{4CF6A613-C909-4E7C-AE1A-F8FC5FB04571}"
EndProject
Global
	GlobalSection(SolutionConfigurationPlatforms) = preSolution
		Debug|x64 = Debug|x64
		Debug|x86 = Debug|x86
		Release|x64 = Release|x64
		Release|x86 = Release|x86
	EndGlobalSection
	GlobalSection(ProjectConfigurationPlatforms) = postSolution
		{286AD89D-B0EE-4A63-8EA8-86C43CD405EB}.Debug|x64.ActiveCfg = Debug|x64
		{286AD89D-B0EE-4A63-8EA8-86C43CD405EB}.Debug|x64.Build.0 = Debug|x64
		{286AD89D-B0EE-4A63-8EA8-86C43CD405EB}.Debug|x86.ActiveCfg = Debug|Win32
		{286AD89D-B0EE-4A63-8EA8-86C43CD405EB}.Debug|x86.Build.0 = Debug|Win32
		{286AD89D-B0EE-4A63-8EA8-86C43CD405EB}.Release|x64.ActiveCfg = Release|x64
		{286AD89D-B0EE-4A63-8EA8-86C43CD405EB}.Release|x64.Build.0 = Release|x64
		{286AD89D-B0EE-4A63-8EA8-86C43CD405EB}.Release|x86.ActiveCfg = Release|Win32
		{286AD89D-B0EE-4A63-8EA8-86C43CD405EB}.Release|x86.Build.0 = Release|Win32
		{650FF074-CA63-47F8-979E-DAE61E8D145B}.Debug|x64.ActiveCfg = Debug|x64
		{650FF074-CA63-47F8-979E-DAE61E8D145B}.Debug|x64.Build.0 = Debug|x64
		{650FF074-CA63-47F8-979E-DAE61E8D145B}.Debug|x86.ActiveCfg = Debug|Win32
		{650FF074-CA63-47F8-979E-DAE61E8D145B}.Debug|x86.Build.0 = Debug|Win32
		{650FF074-CA63-47F8-979E-DAE61E8D145B}.Release|x64.ActiveCfg = Release|x64
		{650FF074-CA63-47F8-979E-DAE61E8D145B}.Release|x64.Build.0 = Release|x64
		{650FF074-CA63-47F8-979E-DAE61E8D145B}.Release|x86.ActiveCfg = Release|Win32
		{650FF074-CA63-47F8-979E-DAE61E8D145B}.Release|x86.Build.0 = Release|Win32
		{9100F2F1-1EE4-4670-B2C9-C2E4109C0458}.Debug|x64.ActiveCfg = Debug|x64
		{9100F2F1-1EE4-4670-B2C9-C2E4109C0458}.Debug|x64.Build.0 = Debug|x64
		{9100F2F1-1EE4-4670-B2C9-C2E4109C0458}.Debug|x86.ActiveCfg = Debug|Win32
		{9100F2F1-1EE4-4670-B2C9-C2E4109C0458}.Debug|x86.Build.0 = Debug|Win32
		{9100F2F1-1EE4-4670-B2C9-C2E4109C0458}.Release|x64.ActiveCfg = Release|x64
		{9100F2F1-1EE4-4670-B2C9-C2E4109C0458}.Release|x64.Build.0 = Release|x64
		{9100F2F1-1EE4-4670-B2C9-C2E4109C0458}.Release|x86.ActiveCfg = Release|Win32
		{9100F2F1-1EE4-4670-B2C9-C2E4109C0458}.Release|x86.Build.0 = Release|Win32
		{590C2DD6-8A66-4D15-8D24-AC2128B334DC}.Debug|x64.ActiveCfg = Debug|x64
		{590C2DD6-8A66-4D15-8D24-AC2128B334DC}.Debug|x64.Build.0 = Debug|x64
		{590C2DD6-8A66-4D15-8D24-AC2128B334DC}.Debug|x86.ActiveCfg = Debug|Win32
		{590C2DD6-8A66-4D15-8D24-AC2128B334DC}.Debug|x86.Build.0 = Debug|Win32
		{590C2DD6-8A66-4D15-8D24-AC2128B334DC}.Release|x64.ActiveCfg = Release|x64
		{590C2DD6-8A66-4D15-8D24-AC2128B334DC}.Release|x64.Build.0 = Release|x64
		{590C2DD6-8A66-4D15-8D24-AC2128B334DC}.Release|x86.ActiveCfg = Release|Win32
		{590C2DD6-8A66-4D15-8D24-AC2128B334DC}.Release|x86.Build.0 = Release|Win32
		{409FB2FF-37C3-41F8-9C0C-92B638FABFD5}.Debug|x64.ActiveCfg = Debug|x64
		{409FB2FF-37C3-41F8-9C0C-92B638FABFD5}.Debug|x64.Build.0 = Debug|x64
		{409FB2FF-37C3-41F8-9C0C-92B638FABFD5}.Debug|x86.ActiveCfg = Debug|Win32
		{409FB2FF-37C3-41F8-9C0C-92B638FABFD5}.Debug|x86.Build.0 = Debug|Win32
		{409FB2FF-37C3-41F8-9C0C-92B638FABFD5}.Release|x64.ActiveCfg = Release|x64
		{409FB2FF-37C3-41F8-9C0C-92B638FABFD5}.Release|x64.Build.0 = Release|x64
		{409FB2FF-37C3-41F8-9C0C-92B638FABFD5}.Release|x86.ActiveCfg = Release|Win32
		{409FB2FF-37C3-41F8-9C0C-92B638FABFD5}.Release|x86.Build.0 = Release|Win32
		{8D4F4F14-2925-4E4E-8CAD-8C6A751391FD}.Debug|x64.ActiveCfg = Debug|x64
		{8D4F4F14-2925-4E4E-8CAD-8C6A751391FD}.Debug|x64.Build.0 = Debug|x64
		{8D4F4F14-2925-4E4E-8CAD-8C6A751391FD}.Debug|x86.ActiveCfg = Debug|Win32
		{8D4F4F14-2925-4E4E-8CAD-8C6A751391FD}.Debug|x86.Build.0 = Debug|Win32
		{8D4F4F14-2925-4E4E-8CAD-8C6A751391FD}.Release|x64.ActiveCfg = Release|x64
		{8D4F4F14-2925-4E4E-8CAD-8C6A751391FD}.Release|x64.Build.0 = Release|x64
		{8D4F4F14-2925-4E4E-8CAD-8C6A751391FD}.Release|x86.ActiveCfg = Release|Win32
		{8D4F4F14-2925-4E4E-8CAD-8C6A751391FD}.Release|x86.Build.0 = Release|Win32
		{EB16567F-BE1F-42CD-A79B-4948BCAEF564}.Debug|x64.ActiveCfg = Debug|x64
		{EB16567F-BE1F-42CD-A79B-4948BCAEF564}.Debug|x64.Build.0 = Debug|x64
		{EB16567F-BE1F-42CD-A79B-4948BCAEF564}.Debug|x86.ActiveCfg = Debug|Win32
		{EB16567F-BE1F-42CD-A79B-4948BCAEF564}.Debug|x86.Build.0 = Debug|Win32
		{EB16567F-BE1F-42CD-A79B-4948BCAEF564}.Release|x64.ActiveCfg = Release|x64
		{EB16567F-BE1F-42CD-A79B-4948BCAEF564}.Release|x64.Build.0 = Release|x64
		{EB16567F-BE1F-42CD-A79B-4948BCAEF564}.Release|x86.ActiveCfg = Release|Win32
		{EB16567F-BE1F-42CD-A79B-4948BCAEF564}.Release|x86.Build.0 = Release|Win32
		{8A021043-30CE-4A51-8405-C72EB6605599}.Debug|x64.ActiveCfg = Debug|x64
		{8A021043-30CE-4A51-8405-C72EB6605599}.Debug|x64.Build.0 = Debug|x64
		{8A021043-30CE-4A51-8405-C72EB6605599}.Debug|x86.ActiveCfg = Debug|Win32
		{8A021043-30CE-4A51-8405-C72EB6605599}.Debug|x86.Build.0 = Debug|Win32
		{8A021043-30CE-4A51-8405-C72EB6605599}.Release|x64.ActiveCfg = Release|x64
		{8A021043-30CE-4A51-8405-C72EB6605599}.Release|x64.Build.0 = Release|x64
		{8A021043-30CE-4A51-8405-C72EB6605599}.Release|x86.ActiveCfg = Release|Win32
		{8A021043-30CE-4A51-8405-C72EB6605599}.Release|x86.Build.0 = Release|Win32
		{C338AD89-DC55-44C8-9359-914D1029456E}.Debug|x64.ActiveCfg = Debug|x64
		{C338AD89-DC55-44C8-9359-914D1029456E}.Debug|x64.Build.0 = Debug|x64
		{C338AD89-DC55-44C8-9359-914D1029456E}.Debug|x86.ActiveCfg = Debug|Win32
		{C338AD89-DC55-44C8-9359-914D1029456E}.Debug|x86.Build.0 = Debug|Win32
		{C338AD89-DC55-44C8-9359-914D1029456E}.Release|x64.ActiveCfg = Release|x64
		{C338AD89-DC55-44C8-9359-914D1029456E}.Release|x64.Build.0 = Release|x64
		{C338AD89-DC55-44C8-9359-914D1029456E}.Release|x86.ActiveCfg = Release|Win32
		{C338AD89-DC55-44C8-9359-914D1029456E}.Release|x86.Build.0 = Release|Win32
		{593EF5D6-7947-4B39-8F4A-31945B360ABA}.Debug|x64.ActiveCfg = Debug|x64
		{593EF5D6-7947-4B39-8F4A-31945B360ABA}.Debug|x64.Build.0 = Debug|x64
		{593EF5D6-7947-4B39-8F4A-31945B360ABA}.Debug|x86.ActiveCfg = Debug|Win32
		{593EF5D6-7947-4B39-8F4A-31945B360ABA}.Debug|x86.Build.0 = Debug|Win32
		{593EF5D6-7947-4B39-8F4A-31945B360ABA}.Release|x64.ActiveCfg = Release|x64
		{593EF5D6-7947-4B39-8F4A-31945B360ABA}.Release|x64.Build.0 = Release|x64
		{593EF5D6-7947-4B39-8F4A-31945B360ABA}.Release|x86.ActiveCfg = Release|Win32
		{593EF5D6-7947-4B39-8F4A-31945B360ABA}.Release|x86.Build.0 = Release|Win32
		{4CF6A613-C909-4E7C-AE1A-F8FC5FB04571}.Debug|x64.ActiveCfg = Debug|x64
		{4CF6A613-C909-4E7C-AE1A-F8FC5FB04571}.Debug|x64.Build.0 = Debug|x64
		{4CF6A613-C909-4E7C-AE1A-F8FC5FB04571}.Debug|x86.ActiveCfg = Debug|Win32
		{4CF6A613-C909-4E7C-AE1A-F8FC5FB04571}.Debug|x86.Build.0 = Debug|Win32
		{4CF6A613-C909-4E7C-AE1A-F8FC5FB04571}.Release|x64.ActiveCfg = Release|x64
		{4CF6A613-C909-4E7C-AE1A-F8FC5FB04571}.Release|x64.Build.0 = Release|x64
		{4CF6A613-C909-4E7C-AE1A-F8FC5FB04571}.Release|x86.ActiveCfg = Release|Win32
		{4CF6A613-C909-4E7C-AE1A-F8FC5FB04571}.Release|x86.Build.0 = Release|Win32
	EndGlobalSection
	GlobalSection(SolutionProperties) = preSolution
		HideSolutionNode = FALSE
	EndGlobalSection
	GlobalSection(ExtensibilityGlobals) = postSolution
		SolutionGuid = {C90C0B41-DF04-44BF-BC27-140F304C00E8}
	EndGlobalSection
EndGlobal
